
Microsoft Visual Studio Solution File, Format Version 12.00
# Visual Studio Version 16
VisualStudioVersion = 16.0.30114.105
MinimumVisualStudioVersion = 10.0.40219.1
Project("{9A19103F-16F7-4668-BE54-9A1E7A4F7556}") = "OZProje.ToDo.DataAccess", "OZProje.ToDo.DataAccess\OZProje.ToDo.DataAccess.csproj", "{6EFA33FA-14DC-433E-9FE3-0B06343FF1C4}"
EndProject
Project("{9A19103F-16F7-4668-BE54-9A1E7A4F7556}") = "OZProje.ToDo.Business", "OZProje.ToDo.Business\OZProje.ToDo.Business.csproj", "{C4475179-23CD-4D7B-8A8C-68B749FF265C}"
EndProject
Project("{9A19103F-16F7-4668-BE54-9A1E7A4F7556}") = "OZProje.ToDo.Entities", "OZProje.ToDo.Entities\OZProje.ToDo.Entities.csproj", "{DC9CA5E4-3E82-49D3-8FF2-492F451500E9}"
EndProject
Project("{9A19103F-16F7-4668-BE54-9A1E7A4F7556}") = "OZProje.ToDo.Web", "OZProje.ToDo.Web\OZProje.ToDo.Web.csproj", "{49882F78-3968-4714-AD82-183FD2F85CA6}"
EndProject
Project("{FAE04EC0-301F-11D3-BF4B-00C04F79EFBC}") = "OZProje.ToDo.DTO", "OZProje.ToDo.DTO\OZProje.ToDo.DTO.csproj", "{272E6C7F-CC69-409E-ABFE-3D014EEA6B61}"
EndProject
Global
	GlobalSection(SolutionConfigurationPlatforms) = preSolution
		Debug|Any CPU = Debug|Any CPU
		Release|Any CPU = Release|Any CPU
	EndGlobalSection
	GlobalSection(ProjectConfigurationPlatforms) = postSolution
		{6EFA33FA-14DC-433E-9FE3-0B06343FF1C4}.Debug|Any CPU.ActiveCfg = Debug|Any CPU
		{6EFA33FA-14DC-433E-9FE3-0B06343FF1C4}.Debug|Any CPU.Build.0 = Debug|Any CPU
		{6EFA33FA-14DC-433E-9FE3-0B06343FF1C4}.Release|Any CPU.ActiveCfg = Release|Any CPU
		{6EFA33FA-14DC-433E-9FE3-0B06343FF1C4}.Release|Any CPU.Build.0 = Release|Any CPU
		{C4475179-23CD-4D7B-8A8C-68B749FF265C}.Debug|Any CPU.ActiveCfg = Debug|Any CPU
		{C4475179-23CD-4D7B-8A8C-68B749FF265C}.Debug|Any CPU.Build.0 = Debug|Any CPU
		{C4475179-23CD-4D7B-8A8C-68B749FF265C}.Release|Any CPU.ActiveCfg = Release|Any CPU
		{C4475179-23CD-4D7B-8A8C-68B749FF265C}.Release|Any CPU.Build.0 = Release|Any CPU
		{DC9CA5E4-3E82-49D3-8FF2-492F451500E9}.Debug|Any CPU.ActiveCfg = Debug|Any CPU
		{DC9CA5E4-3E82-49D3-8FF2-492F451500E9}.Debug|Any CPU.Build.0 = Debug|Any CPU
		{DC9CA5E4-3E82-49D3-8FF2-492F451500E9}.Release|Any CPU.ActiveCfg = Release|Any CPU
		{DC9CA5E4-3E82-49D3-8FF2-492F451500E9}.Release|Any CPU.Build.0 = Release|Any CPU
		{49882F78-3968-4714-AD82-183FD2F85CA6}.Debug|Any CPU.ActiveCfg = Debug|Any CPU
		{49882F78-3968-4714-AD82-183FD2F85CA6}.Debug|Any CPU.Build.0 = Debug|Any CPU
		{49882F78-3968-4714-AD82-183FD2F85CA6}.Release|Any CPU.ActiveCfg = Release|Any CPU
		{49882F78-3968-4714-AD82-183FD2F85CA6}.Release|Any CPU.Build.0 = Release|Any CPU
		{272E6C7F-CC69-409E-ABFE-3D014EEA6B61}.Debug|Any CPU.ActiveCfg = Debug|Any CPU
		{272E6C7F-CC69-409E-ABFE-3D014EEA6B61}.Debug|Any CPU.Build.0 = Debug|Any CPU
		{272E6C7F-CC69-409E-ABFE-3D014EEA6B61}.Release|Any CPU.ActiveCfg = Release|Any CPU
		{272E6C7F-CC69-409E-ABFE-3D014EEA6B61}.Release|Any CPU.Build.0 = Release|Any CPU
	EndGlobalSection
	GlobalSection(SolutionProperties) = preSolution
		HideSolutionNode = FALSE
	EndGlobalSection
	GlobalSection(ExtensibilityGlobals) = postSolution
		SolutionGuid = {036FF133-1BB3-46CE-82BE-EA72302F2C00}
	EndGlobalSection
EndGlobal
